
Microsoft Visual Studio Solution File, Format Version 12.00
# Visual Studio Version 16
VisualStudioVersion = 16.0.810.22
MinimumVisualStudioVersion = 10.0.40219.1
Project("{FAE04EC0-301F-11D3-BF4B-00C04F79EFBC}") = "RandomNum", "RandomNum\RandomNum.csproj", "{4F7EEE3C-0587-4E25-B2EC-7737C2D1F22A}"
EndProject
Project("{2150E333-8FDC-42A3-9474-1A3956D46DE8}") = "Solution Items", "Solution Items", "{59911082-FD68-4304-BEC6-2EC820D0D5D5}"
	ProjectSection(SolutionItems) = preProject
		RandomNum.sln = RandomNum.sln
	EndProjectSection
EndProject
Global
	GlobalSection(SolutionConfigurationPlatforms) = preSolution
		Debug|Any CPU = Debug|Any CPU
		Release|Any CPU = Release|Any CPU
	EndGlobalSection
	GlobalSection(ProjectConfigurationPlatforms) = postSolution
		{4F7EEE3C-0587-4E25-B2EC-7737C2D1F22A}.Debug|Any CPU.ActiveCfg = Debug|Any CPU
		{4F7EEE3C-0587-4E25-B2EC-7737C2D1F22A}.Debug|Any CPU.Build.0 = Debug|Any CPU
		{4F7EEE3C-0587-4E25-B2EC-7737C2D1F22A}.Release|Any CPU.ActiveCfg = Release|Any CPU
		{4F7EEE3C-0587-4E25-B2EC-7737C2D1F22A}.Release|Any CPU.Build.0 = Release|Any CPU
	EndGlobalSection
	GlobalSection(SolutionProperties) = preSolution
		HideSolutionNode = FALSE
	EndGlobalSection
	GlobalSection(ExtensibilityGlobals) = postSolution
		SolutionGuid = {1085E540-A837-40DE-9E65-F4AE655ED439}
	EndGlobalSection
EndGlobal
